{
  "name": "Coin-counter",
  "lockfileVersion": 2,
  "requires": true,
  "packages": {
    "": {
      "dependencies": {
        "chmod": "^0.2.1"
      }
    },
    "node_modules/chmod": {
      "version": "0.2.1",
      "resolved": "https://registry.npmjs.org/chmod/-/chmod-0.2.1.tgz",
      "integrity": "sha512-+B2EMoAfT4SCgDmkL33fUTowRb1dB+aTVMF5CGOPYEG+vkQnHmPxV066AZppw/1PnzWRGK89pGyWUxOae2iqTw==",
      "dependencies": {
        "deep-extend": "^0.2.8",
        "stat-mode": "~0.1.0"
      }
    },
    "node_modules/deep-extend": {
      "version": "0.2.11",
      "resolved": "https://registry.npmjs.org/deep-extend/-/deep-extend-0.2.11.tgz",
      "integrity": "sha512-t2N+4ihO7YgydJOUI47I6GdXpONJ+jUZmYeTNiifALaEduiCja1mKcq3tuSp0RhA9mMfxdMN3YskpwB7puMAtw==",
      "engines": {
        "node": ">=0.4"
      }
    },
    "node_modules/stat-mode": {
      "version": "0.1.0",
      "resolved": "https://registry.npmjs.org/stat-mode/-/stat-mode-0.1.0.tgz",
      "integrity": "sha512-8LhjfQZE1vFaiaOXwbI5Y6lPXTfiobhcYHS76+ggcyqzfh3JitGCvAjobGNBf/HHMRwJmcCcubO281IzODOYhg=="
    }
  },
  "dependencies": {
    "chmod": {
      "version": "0.2.1",
      "resolved": "https://registry.npmjs.org/chmod/-/chmod-0.2.1.tgz",
      "integrity": "sha512-+B2EMoAfT4SCgDmkL33fUTowRb1dB+aTVMF5CGOPYEG+vkQnHmPxV066AZppw/1PnzWRGK89pGyWUxOae2iqTw==",
      "requires": {
        "deep-extend": "^0.2.8",
        "stat-mode": "~0.1.0"
      }
    },
    "deep-extend": {
      "version": "0.2.11",
      "resolved": "https://registry.npmjs.org/deep-extend/-/deep-extend-0.2.11.tgz",
      "integrity": "sha512-t2N+4ihO7YgydJOUI47I6GdXpONJ+jUZmYeTNiifALaEduiCja1mKcq3tuSp0RhA9mMfxdMN3YskpwB7puMAtw=="
    },
    "stat-mode": {
      "version": "0.1.0",
      "resolved": "https://registry.npmjs.org/stat-mode/-/stat-mode-0.1.0.tgz",
      "integrity": "sha512-8LhjfQZE1vFaiaOXwbI5Y6lPXTfiobhcYHS76+ggcyqzfh3JitGCvAjobGNBf/HHMRwJmcCcubO281IzODOYhg=="
    }
  }
}
